
Microsoft Visual Studio Solution File, Format Version 12.00
# Visual Studio Version 16
VisualStudioVersion = 25.0.1700.3
MinimumVisualStudioVersion = 10.0.40219.1
Project("{FAE04EC0-301F-11D3-BF4B-00C04F79EFBC}") = "VerificationWebApp", "VerificationWebApp\VerificationWebApp.csproj", "{5C738BDB-F0DF-40BF-BA18-D472CAB829A6}"
EndProject
Project("{FAE04EC0-301F-11D3-BF4B-00C04F79EFBC}") = "middleWare", "middleWare\middleWare.csproj", "{BEB25AEF-574B-4138-9B41-8F8D5E3F880D}"
EndProject
Global
	GlobalSection(SolutionConfigurationPlatforms) = preSolution
		Debug|Any CPU = Debug|Any CPU
		Release|Any CPU = Release|Any CPU
	EndGlobalSection
	GlobalSection(ProjectConfigurationPlatforms) = postSolution
		{5C738BDB-F0DF-40BF-BA18-D472CAB829A6}.Debug|Any CPU.ActiveCfg = Debug|Any CPU
		{5C738BDB-F0DF-40BF-BA18-D472CAB829A6}.Debug|Any CPU.Build.0 = Debug|Any CPU
		{5C738BDB-F0DF-40BF-BA18-D472CAB829A6}.Release|Any CPU.ActiveCfg = Release|Any CPU
		{5C738BDB-F0DF-40BF-BA18-D472CAB829A6}.Release|Any CPU.Build.0 = Release|Any CPU
		{BEB25AEF-574B-4138-9B41-8F8D5E3F880D}.Debug|Any CPU.ActiveCfg = Debug|Any CPU
		{BEB25AEF-574B-4138-9B41-8F8D5E3F880D}.Debug|Any CPU.Build.0 = Debug|Any CPU
		{BEB25AEF-574B-4138-9B41-8F8D5E3F880D}.Release|Any CPU.ActiveCfg = Release|Any CPU
		{BEB25AEF-574B-4138-9B41-8F8D5E3F880D}.Release|Any CPU.Build.0 = Release|Any CPU
	EndGlobalSection
	GlobalSection(SolutionProperties) = preSolution
		HideSolutionNode = FALSE
	EndGlobalSection
	GlobalSection(ExtensibilityGlobals) = postSolution
		SolutionGuid = {D383F0CF-EBF7-41AE-9575-339EE912605D}
	EndGlobalSection
EndGlobal
